// !$*UTF8*$!
{
	archiveVersion = 1;
	classes = {
	};
	objectVersion = 77;
	objects = {

/* Begin PBXBuildFile section */
		676572912F7531AE00E5A7E8 /* UIKit.framework in Frameworks */ = {isa = PBXBuildFile; fileRef = 676572902F7531AE00E5A7E8 /* UIKit.framework */; };
		676572932F7531AE00E5A7E8 /* Foundation.framework in Frameworks */ = {isa = PBXBuildFile; fileRef = 676572922F7531AE00E5A7E8 /* Foundation.framework */; };
		676572952F7531AE00E5A7E8 /* CydiaSubstrate.framework in Frameworks */ = {isa = PBXBuildFile; fileRef = 676572942F7531AE00E5A7E8 /* CydiaSubstrate.framework */; };
/* End PBXBuildFile section */

/* Begin PBXFileReference section */
		6765728D2F7531AE00E5A7E8 /* SysDevLauchingDevLib.dylib */ = {isa = PBXFileReference; explicitFileType = "compiled.mach-o.dylib"; includeInIndex = 0; path = SysDevLauchingDevLib.dylib; sourceTree = BUILT_PRODUCTS_DIR; };
		676572902F7531AE00E5A7E8 /* UIKit.framework */ = {isa = PBXFileReference; lastKnownFileType = wrapper.framework; name = UIKit.framework; path = System/Library/Frameworks/UIKit.framework; sourceTree = SDKROOT; };
		676572922F7531AE00E5A7E8 /* Foundation.framework */ = {isa = PBXFileReference; lastKnownFileType = wrapper.framework; name = Foundation.framework; path = System/Library/Frameworks/Foundation.framework; sourceTree = SDKROOT; };
		676572942F7531AE00E5A7E8 /* CydiaSubstrate.framework */ = {isa = PBXFileReference; lastKnownFileType = wrapper.framework; name = CydiaSubstrate.framework; path = Library/Frameworks/CydiaSubstrate.framework; sourceTree = DEVELOPER_DIR; };
/* End PBXFileReference section */

/* Begin PBXFileSystemSynchronizedRootGroup section */
		676572962F7531AE00E5A7E8 /* SysDevLauchingDevLib */ = {
			isa = PBXFileSystemSynchronizedRootGroup;
			path = SysDevLauchingDevLib;
			sourceTree = "<group>";
		};
/* End PBXFileSystemSynchronizedRootGroup section */

/* Begin PBXFrameworksBuildPhase section */
		676572892F7531AE00E5A7E8 /* Frameworks */ = {
			isa = PBXFrameworksBuildPhase;
			buildActionMask = 2147483647;
			files = (
				676572912F7531AE00E5A7E8 /* UIKit.framework in Frameworks */,
				676572932F7531AE00E5A7E8 /* Foundation.framework in Frameworks */,
				676572952F7531AE00E5A7E8 /* CydiaSubstrate.framework in Frameworks */,
			);
			runOnlyForDeploymentPostprocessing = 0;
		};
/* End PBXFrameworksBuildPhase section */

/* Begin PBXGroup section */
		676572822F7531AE00E5A7E8 = {
			isa = PBXGroup;
			children = (
				676572962F7531AE00E5A7E8 /* SysDevLauchingDevLib */,
				6765728F2F7531AE00E5A7E8 /* Frameworks */,
				6765728E2F7531AE00E5A7E8 /* Products */,
			);
			sourceTree = "<group>";
		};
		6765728E2F7531AE00E5A7E8 /* Products */ = {
			isa = PBXGroup;
			children = (
				6765728D2F7531AE00E5A7E8 /* SysDevLauchingDevLib.dylib */,
			);
			name = Products;
			sourceTree = "<group>";
		};
		6765728F2F7531AE00E5A7E8 /* Frameworks */ = {
			isa = PBXGroup;
			children = (
				676572902F7531AE00E5A7E8 /* UIKit.framework */,
				676572922F7531AE00E5A7E8 /* Foundation.framework */,
				676572942F7531AE00E5A7E8 /* CydiaSubstrate.framework */,
			);
			name = Frameworks;
			sourceTree = "<group>";
		};
/* End PBXGroup section */

/* Begin PBXHeadersBuildPhase section */
		6765728A2F7531AE00E5A7E8 /* Headers */ = {
			isa = PBXHeadersBuildPhase;
			buildActionMask = 2147483647;
			files = (
			);
			runOnlyForDeploymentPostprocessing = 0;
		};
/* End PBXHeadersBuildPhase section */

/* Begin PBXNativeTarget section */
		6765728C2F7531AE00E5A7E8 /* SysDevLauchingDevLib */ = {
			isa = PBXNativeTarget;
			buildConfigurationList = 676572A92F7531AE00E5A7E8 /* Build configuration list for PBXNativeTarget "SysDevLauchingDevLib" */;
			buildPhases = (
				676572872F7531AE00E5A7E8 /* ShellScript */,
				676572882F7531AE00E5A7E8 /* Sources */,
				676572892F7531AE00E5A7E8 /* Frameworks */,
				6765728A2F7531AE00E5A7E8 /* Headers */,
				6765728B2F7531AE00E5A7E8 /* ShellScript */,
			);
			buildRules = (
			);
			dependencies = (
			);
			fileSystemSynchronizedGroups = (
				676572962F7531AE00E5A7E8 /* SysDevLauchingDevLib */,
			);
			name = SysDevLauchingDevLib;
			packageProductDependencies = (
			);
			productName = SysDevLauchingDevLib;
			productReference = 6765728D2F7531AE00E5A7E8 /* SysDevLauchingDevLib.dylib */;
			productType = "com.apple.product-type.library.dynamic";
		};
/* End PBXNativeTarget section */

/* Begin PBXProject section */
		676572832F7531AE00E5A7E8 /* Project object */ = {
			isa = PBXProject;
			attributes = {
				BuildIndependentTargetsInParallel = 1;
				LastUpgradeCheck = 2600;
				TargetAttributes = {
					6765728C2F7531AE00E5A7E8 = {
						CreatedOnToolsVersion = 26.0;
					};
				};
			};
			buildConfigurationList = 676572862F7531AE00E5A7E8 /* Build configuration list for PBXProject "SysDevLauchingDevLib" */;
			developmentRegion = en;
			hasScannedForEncodings = 0;
			knownRegions = (
				en,
				Base,
			);
			mainGroup = 676572822F7531AE00E5A7E8;
			minimizedProjectReferenceProxies = 1;
			preferredProjectObjectVersion = 77;
			productRefGroup = 6765728E2F7531AE00E5A7E8 /* Products */;
			projectDirPath = "";
			projectRoot = "";
			targets = (
				6765728C2F7531AE00E5A7E8 /* SysDevLauchingDevLib */,
			);
		};
/* End PBXProject section */

/* Begin PBXShellScriptBuildPhase section */
		676572872F7531AE00E5A7E8 /* ShellScript */ = {
			isa = PBXShellScriptBuildPhase;
			buildActionMask = 2147483647;
			files = (
			);
			inputFileListPaths = (
			);
			inputPaths = (
			);
			outputFileListPaths = (
			);
			outputPaths = (
			);
			runOnlyForDeploymentPostprocessing = 0;
			shellPath = /bin/sh;
			shellScript = "/opt/MonkeyDev/bin/md --xcbp-logos";
		};
		6765728B2F7531AE00E5A7E8 /* ShellScript */ = {
			isa = PBXShellScriptBuildPhase;
			buildActionMask = 2147483647;
			files = (
			);
			inputFileListPaths = (
			);
			inputPaths = (
			);
			outputFileListPaths = (
			);
			outputPaths = (
			);
			runOnlyForDeploymentPostprocessing = 0;
			shellPath = /bin/sh;
			shellScript = "/opt/MonkeyDev/bin/md --xcbp";
		};
/* End PBXShellScriptBuildPhase section */

/* Begin PBXSourcesBuildPhase section */
		676572882F7531AE00E5A7E8 /* Sources */ = {
			isa = PBXSourcesBuildPhase;
			buildActionMask = 2147483647;
			files = (
			);
			runOnlyForDeploymentPostprocessing = 0;
		};
/* End PBXSourcesBuildPhase section */

/* Begin XCBuildConfiguration section */
		676572AA2F7531AE00E5A7E8 /* Release */ = {
			isa = XCBuildConfiguration;
			buildSettings = {
				CLANG_ENABLE_OBJC_ARC = YES;
				CODE_SIGN_IDENTITY = "";
				CODE_SIGN_STYLE = Automatic;
				DYLIB_COMPATIBILITY_VERSION = 1;
				DYLIB_CURRENT_VERSION = 1;
				GCC_PRECOMPILE_PREFIX_HEADER = YES;
				GCC_PREFIX_HEADER = "SysDevLauchingDevLib/SysDevLauchingDevLib-Prefix.pch";
				INSTALL_PATH = /Library/MobileSubstrate/DynamicLibraries;
				MonkeyDevBuildPackageOnAnyBuild = NO;
				MonkeyDevClearUiCacheOnInstall = NO;
				MonkeyDevCopyOnBuild = NO;
				MonkeyDevDeviceIP = "";
				MonkeyDevDevicePassword = "";
				MonkeyDevDevicePort = "";
				MonkeyDevInstallOnAnyBuild = YES;
				MonkeyDevInstallOnProfiling = YES;
				MonkeyDevkillProcessOnInstall = SpringBoard;
				PRODUCT_NAME = "$(TARGET_NAME)";
				TARGETED_DEVICE_FAMILY = "1,2";
			};
			name = Release;
		};
		676572AB2F7531AE00E5A7E8 /* Debug */ = {
			isa = XCBuildConfiguration;
			buildSettings = {
				CLANG_ENABLE_OBJC_ARC = YES;
				CODE_SIGN_IDENTITY = "";
				CODE_SIGN_STYLE = Automatic;
				DYLIB_COMPATIBILITY_VERSION = 1;
				DYLIB_CURRENT_VERSION = 1;
				GCC_PRECOMPILE_PREFIX_HEADER = YES;
				GCC_PREFIX_HEADER = "SysDevLauchingDevLib/SysDevLauchingDevLib-Prefix.pch";
				INSTALL_PATH = /Library/MobileSubstrate/DynamicLibraries;
				MonkeyDevBuildPackageOnAnyBuild = NO;
				MonkeyDevClearUiCacheOnInstall = NO;
				MonkeyDevCopyOnBuild = NO;
				MonkeyDevDeviceIP = "";
				MonkeyDevDevicePassword = "";
				MonkeyDevDevicePort = "";
				MonkeyDevInstallOnAnyBuild = YES;
				MonkeyDevInstallOnProfiling = YES;
				MonkeyDevkillProcessOnInstall = SpringBoard;
				PRODUCT_NAME = "$(TARGET_NAME)";
				TARGETED_DEVICE_FAMILY = "1,2";
			};
			name = Debug;
		};
		676572AC2F7531AE00E5A7E8 /* Release */ = {
			isa = XCBuildConfiguration;
			buildSettings = {
				COPY_PHASE_STRIP = YES;
				EXCLUDED_RECURSIVE_SEARCH_PATH_SUBDIRECTORIES = "*.nib *.lproj *.gch (*) .DS_Store CVS .svn .git .hg *.xcodeproj *.xcode *.pbproj *.pbxproj";
				FRAMEWORK_SEARCH_PATHS = (
					"$(MonkeyDevPath)/frameworks/**",
					"$(MonkeyDevTheosPath)/vendor/lib",
				);
				GCC_C_LANGUAGE_STANDARD = gnu99;
				GCC_WARN_ABOUT_MISSING_PROTOTYPES = YES;
				GCC_WARN_ABOUT_RETURN_TYPE = YES;
				GCC_WARN_UNUSED_VARIABLE = YES;
				HEADER_SEARCH_PATHS = "$(MonkeyDevTheosPath)/vendor/include/**";
				IPHONEOS_DEPLOYMENT_TARGET = 8.0;
				LIBRARY_SEARCH_PATHS = "$(MonkeyDevTheosPath)/vendor/lib/**";
				MonkeyDevPath = /opt/MonkeyDev;
				MonkeyDevTheosPath = /opt/theos;
				OTHER_CFLAGS = "-DTHEOS_INSTANCE_NAME=\"\\\"SysDevLauchingDevLib\\\"\"";
				SDKROOT = iphoneos;
				TARGETED_DEVICE_FAMILY = "1,2";
				VALIDATE_PRODUCT = YES;
			};
			name = Release;
		};
		676572AD2F7531AE00E5A7E8 /* Debug */ = {
			isa = XCBuildConfiguration;
			buildSettings = {
				COPY_PHASE_STRIP = NO;
				EXCLUDED_RECURSIVE_SEARCH_PATH_SUBDIRECTORIES = "*.nib *.lproj *.gch (*) .DS_Store CVS .svn .git .hg *.xcodeproj *.xcode *.pbproj *.pbxproj";
				FRAMEWORK_SEARCH_PATHS = (
					"$(MonkeyDevPath)/frameworks/**",
					"$(MonkeyDevTheosPath)/vendor/lib",
				);
				GCC_C_LANGUAGE_STANDARD = gnu99;
				GCC_DYNAMIC_NO_PIC = NO;
				GCC_OPTIMIZATION_LEVEL = 0;
				GCC_PREPROCESSOR_DEFINITIONS = (
					"DEBUG=1",
					"$(inherited)",
				);
				GCC_SYMBOLS_PRIVATE_EXTERN = NO;
				GCC_WARN_ABOUT_MISSING_PROTOTYPES = YES;
				GCC_WARN_ABOUT_RETURN_TYPE = YES;
				GCC_WARN_UNUSED_VARIABLE = YES;
				HEADER_SEARCH_PATHS = "$(MonkeyDevTheosPath)/vendor/include/**";
				IPHONEOS_DEPLOYMENT_TARGET = 8.0;
				LIBRARY_SEARCH_PATHS = "$(MonkeyDevTheosPath)/vendor/lib/**";
				MonkeyDevPath = /opt/MonkeyDev;
				MonkeyDevTheosPath = /opt/theos;
				ONLY_ACTIVE_ARCH = YES;
				OTHER_CFLAGS = "-DTHEOS_INSTANCE_NAME=\"\\\"SysDevLauchingDevLib\\\"\"";
				SDKROOT = iphoneos;
				TARGETED_DEVICE_FAMILY = "1,2";
				VALIDATE_PRODUCT = NO;
			};
			name = Debug;
		};
/* End XCBuildConfiguration section */

/* Begin XCConfigurationList section */
		676572862F7531AE00E5A7E8 /* Build configuration list for PBXProject "SysDevLauchingDevLib" */ = {
			isa = XCConfigurationList;
			buildConfigurations = (
				676572AC2F7531AE00E5A7E8 /* Release */,
				676572AD2F7531AE00E5A7E8 /* Debug */,
			);
			defaultConfigurationIsVisible = 0;
			defaultConfigurationName = Release;
		};
		676572A92F7531AE00E5A7E8 /* Build configuration list for PBXNativeTarget "SysDevLauchingDevLib" */ = {
			isa = XCConfigurationList;
			buildConfigurations = (
				676572AA2F7531AE00E5A7E8 /* Release */,
				676572AB2F7531AE00E5A7E8 /* Debug */,
			);
			defaultConfigurationIsVisible = 0;
			defaultConfigurationName = Release;
		};
/* End XCConfigurationList section */
	};
	rootObject = 676572832F7531AE00E5A7E8 /* Project object */;
}
